
Microsoft Visual Studio Solution File, Format Version 12.00
# Visual Studio Version 16
VisualStudioVersion = 16.0.29806.167
MinimumVisualStudioVersion = 10.0.40219.1
Project("{FAE04EC0-301F-11D3-BF4B-00C04F79EFBC}") = "WebExampleCrudNetCore", "WebExampleCrudNetCore\WebExampleCrudNetCore.csproj", "{3986189A-423A-4B31-9B0B-D7734855FB86}"
EndProject
Global
	GlobalSection(SolutionConfigurationPlatforms) = preSolution
		Debug|Any CPU = Debug|Any CPU
		Release|Any CPU = Release|Any CPU
	EndGlobalSection
	GlobalSection(ProjectConfigurationPlatforms) = postSolution
		{3986189A-423A-4B31-9B0B-D7734855FB86}.Debug|Any CPU.ActiveCfg = Debug|Any CPU
		{3986189A-423A-4B31-9B0B-D7734855FB86}.Debug|Any CPU.Build.0 = Debug|Any CPU
		{3986189A-423A-4B31-9B0B-D7734855FB86}.Release|Any CPU.ActiveCfg = Release|Any CPU
		{3986189A-423A-4B31-9B0B-D7734855FB86}.Release|Any CPU.Build.0 = Release|Any CPU
	EndGlobalSection
	GlobalSection(SolutionProperties) = preSolution
		HideSolutionNode = FALSE
	EndGlobalSection
	GlobalSection(ExtensibilityGlobals) = postSolution
		SolutionGuid = {326DB455-A788-4CAF-97EE-D8E7111C7274}
	EndGlobalSection
EndGlobal
